
Microsoft Visual Studio Solution File, Format Version 12.00
# Visual Studio Version 17
VisualStudioVersion = 17.3.32929.385
MinimumVisualStudioVersion = 10.0.40219.1
Project("{FAE04EC0-301F-11D3-BF4B-00C04F79EFBC}") = "mypocwebapp", "mypocwebapp.csproj", "{EBF067FC-E25E-4D6E-BD94-8C55237D7BEF}"
EndProject
Global
	GlobalSection(SolutionConfigurationPlatforms) = preSolution
		Debug|Any CPU = Debug|Any CPU
		Release|Any CPU = Release|Any CPU
	EndGlobalSection
	GlobalSection(ProjectConfigurationPlatforms) = postSolution
		{EBF067FC-E25E-4D6E-BD94-8C55237D7BEF}.Debug|Any CPU.ActiveCfg = Debug|Any CPU
		{EBF067FC-E25E-4D6E-BD94-8C55237D7BEF}.Debug|Any CPU.Build.0 = Debug|Any CPU
		{EBF067FC-E25E-4D6E-BD94-8C55237D7BEF}.Release|Any CPU.ActiveCfg = Release|Any CPU
		{EBF067FC-E25E-4D6E-BD94-8C55237D7BEF}.Release|Any CPU.Build.0 = Release|Any CPU
	EndGlobalSection
	GlobalSection(SolutionProperties) = preSolution
		HideSolutionNode = FALSE
	EndGlobalSection
	GlobalSection(ExtensibilityGlobals) = postSolution
		SolutionGuid = {0F05A824-C35E-4081-8CD6-8227980D0501}
	EndGlobalSection
EndGlobal
